{
  "name": "@beacn-labs/holder-proof-candidate",
  "version": "0.0.1",
  "lockfileVersion": 3,
  "requires": true,
  "packages": {
    "": {
      "name": "@beacn-labs/holder-proof-candidate",
      "version": "0.0.1",
      "license": "Apache-2.0",
      "dependencies": {
        "@emurgo/cardano-serialization-lib-nodejs": "17.0.0",
        "@noble/curves": "2.4.0"
      },
      "engines": {
        "node": ">=22.0.0"
      }
    },
    "node_modules/@emurgo/cardano-serialization-lib-nodejs": {
      "version": "17.0.0",
      "resolved": "https://registry.npmjs.org/@emurgo/cardano-serialization-lib-nodejs/-/cardano-serialization-lib-nodejs-17.0.0.tgz",
      "integrity": "sha512-OXayQwnQXhvgEbKSNKuQCpCTrg9LvFDbr+vHPnO/9tVrRhx/Bts+g+9d6TiI15/vAeJ0NkA3tuuiJpPTS5kD6w==",
      "license": "MIT"
    },
    "node_modules/@noble/curves": {
      "version": "2.4.0",
      "resolved": "https://registry.npmjs.org/@noble/curves/-/curves-2.4.0.tgz",
      "integrity": "sha512-P4/62zrgfH33CneE3Dn4WhJVA22YUU0eR51wKIan4NVRvwsA0YnPTwWGpNbpuacSujmSFLvyzpyuR30+fbq2Ew==",
      "license": "MIT",
      "dependencies": {
        "@noble/hashes": "2.4.0"
      },
      "engines": {
        "node": ">= 20.19.0"
      },
      "funding": {
        "url": "https://paulmillr.com/funding/"
      }
    },
    "node_modules/@noble/hashes": {
      "version": "2.4.0",
      "resolved": "https://registry.npmjs.org/@noble/hashes/-/hashes-2.4.0.tgz",
      "integrity": "sha512-X5XaVWZIBCT7HHZGm5I7ZQXDwLG+bGXuSrMQAW+7Zvl87h1kmc1ZB1VSRJcpUfoUrGQp4Fkoxm5kZ+Ms+aW+eA==",
      "license": "MIT",
      "engines": {
        "node": ">= 20.19.0"
      },
      "funding": {
        "url": "https://paulmillr.com/funding/"
      }
    }
  }
}
